
Microsoft Visual Studio Solution File, Format Version 12.00
# Visual Studio Version 16
VisualStudioVersion = 16.0.30011.22
MinimumVisualStudioVersion = 10.0.40219.1
Project("{9A19103F-16F7-4668-BE54-9A1E7A4F7556}") = "Abc.Core", "Abc.Core\Abc.Core.csproj", "{FB0D6A45-8E58-4B67-99F0-FE1F151323B7}"
EndProject
Project("{9A19103F-16F7-4668-BE54-9A1E7A4F7556}") = "Abc.MsSql.DataAccess", "Abc.MsSql.DataAccess\Abc.MsSql.DataAccess.csproj", "{CD813712-8F20-404B-AB68-90F5DBF6F9F3}"
EndProject
Project("{9A19103F-16F7-4668-BE54-9A1E7A4F7556}") = "Abc.MsSql.Business", "Abc.MsSql.Business\Abc.MsSql.Business.csproj", "{986539CA-4B3B-4933-A05D-95FC44838494}"
EndProject
Project("{9A19103F-16F7-4668-BE54-9A1E7A4F7556}") = "Abc.MsSql.MvcWebUI", "Abc.MsSql.MvcWebUI\Abc.MsSql.MvcWebUI.csproj", "{54289A08-7056-4E23-BABC-356E892D21A3}"
EndProject
Project("{FAE04EC0-301F-11D3-BF4B-00C04F79EFBC}") = "Abc.MsSql.Entities", "Abc.MsSql.Entities\Abc.MsSql.Entities.csproj", "{BA6E429D-E954-4125-BDE4-3D90118418CD}"
EndProject
Global
	GlobalSection(SolutionConfigurationPlatforms) = preSolution
		Debug|Any CPU = Debug|Any CPU
		Release|Any CPU = Release|Any CPU
	EndGlobalSection
	GlobalSection(ProjectConfigurationPlatforms) = postSolution
		{FB0D6A45-8E58-4B67-99F0-FE1F151323B7}.Debug|Any CPU.ActiveCfg = Debug|Any CPU
		{FB0D6A45-8E58-4B67-99F0-FE1F151323B7}.Debug|Any CPU.Build.0 = Debug|Any CPU
		{FB0D6A45-8E58-4B67-99F0-FE1F151323B7}.Release|Any CPU.ActiveCfg = Release|Any CPU
		{FB0D6A45-8E58-4B67-99F0-FE1F151323B7}.Release|Any CPU.Build.0 = Release|Any CPU
		{CD813712-8F20-404B-AB68-90F5DBF6F9F3}.Debug|Any CPU.ActiveCfg = Debug|Any CPU
		{CD813712-8F20-404B-AB68-90F5DBF6F9F3}.Debug|Any CPU.Build.0 = Debug|Any CPU
		{CD813712-8F20-404B-AB68-90F5DBF6F9F3}.Release|Any CPU.ActiveCfg = Release|Any CPU
		{CD813712-8F20-404B-AB68-90F5DBF6F9F3}.Release|Any CPU.Build.0 = Release|Any CPU
		{986539CA-4B3B-4933-A05D-95FC44838494}.Debug|Any CPU.ActiveCfg = Debug|Any CPU
		{986539CA-4B3B-4933-A05D-95FC44838494}.Debug|Any CPU.Build.0 = Debug|Any CPU
		{986539CA-4B3B-4933-A05D-95FC44838494}.Release|Any CPU.ActiveCfg = Release|Any CPU
		{986539CA-4B3B-4933-A05D-95FC44838494}.Release|Any CPU.Build.0 = Release|Any CPU
		{54289A08-7056-4E23-BABC-356E892D21A3}.Debug|Any CPU.ActiveCfg = Debug|Any CPU
		{54289A08-7056-4E23-BABC-356E892D21A3}.Debug|Any CPU.Build.0 = Debug|Any CPU
		{54289A08-7056-4E23-BABC-356E892D21A3}.Release|Any CPU.ActiveCfg = Release|Any CPU
		{54289A08-7056-4E23-BABC-356E892D21A3}.Release|Any CPU.Build.0 = Release|Any CPU
		{BA6E429D-E954-4125-BDE4-3D90118418CD}.Debug|Any CPU.ActiveCfg = Debug|Any CPU
		{BA6E429D-E954-4125-BDE4-3D90118418CD}.Debug|Any CPU.Build.0 = Debug|Any CPU
		{BA6E429D-E954-4125-BDE4-3D90118418CD}.Release|Any CPU.ActiveCfg = Release|Any CPU
		{BA6E429D-E954-4125-BDE4-3D90118418CD}.Release|Any CPU.Build.0 = Release|Any CPU
	EndGlobalSection
	GlobalSection(SolutionProperties) = preSolution
		HideSolutionNode = FALSE
	EndGlobalSection
	GlobalSection(ExtensibilityGlobals) = postSolution
		SolutionGuid = {D9022C69-EE74-4E56-BFD5-797374ECF7A7}
	EndGlobalSection
EndGlobal
